# THIS IS AN AUTOGENERATED FILE. DO NOT EDIT THIS FILE DIRECTLY.
# yarn lockfile v1


"@types/flot@^0.0.32":
  version "0.0.32"
  resolved "https://registry.yarnpkg.com/@types/flot/-/flot-0.0.32.tgz#2ab260f2958dcab1acfb5c24b87898f1d22417d8"
  integrity sha512-aturel4TWMY86N4Pkpc9pSoUd/p8c3BjGj4fTDkaZIpkRPzLH1VXZCAKGUywcFkTqgZMhPJFPWxd4pl87y8h/w==
  dependencies:
    "@types/jquery" "*"

"@types/jquery@*":
  version "3.5.14"
  resolved "https://registry.yarnpkg.com/@types/jquery/-/jquery-3.5.14.tgz#ac8e11ee591e94d4d58da602cb3a5a8320dee577"
  integrity sha512-X1gtMRMbziVQkErhTQmSe2jFwwENA/Zr+PprCkF63vFq+Yt5PZ4AlKqgmeNlwgn7dhsXEK888eIW2520EpC+xg==
  dependencies:
    "@types/sizzle" "*"

"@types/sizzle@*":
  version "2.3.3"
  resolved "https://registry.yarnpkg.com/@types/sizzle/-/sizzle-2.3.3.tgz#ff5e2f1902969d305225a047c8a0fd5c915cebef"
  integrity sha512-JYM8x9EGF163bEyhdJBpR2QX1R5naCJHC8ucJylJ3w9/CVBaskdQ8WqBf8MmQrd1kRvp/a4TS8HJ+bxzR7ZJYQ==

flot@^4.2.2:
  version "4.2.2"
  resolved "https://registry.yarnpkg.com/flot/-/flot-4.2.2.tgz#0661d9e3805c86ccd36560f9602a0d1484d60fe8"
  integrity sha512-Strct/A27o0TA25X7Z0pxKhwK4djiP1Kjeqj0tkiqrkRu1qYPqfbp5BYuxEL8CWDNtj85Uc0PnG2E2plo1+VMg==
